# THIS IS AN AUTOGENERATED FILE. DO NOT EDIT THIS FILE DIRECTLY.
# yarn lockfile v1


"sharp@file:../../../../usr/local/lib/node_modules/sharp":
  "resolved" "file:../../../../usr/local/lib/node_modules/sharp"
  "version" "0.30.4"
  dependencies:
    "color" "^4.2.3"
    "detect-libc" "^2.0.1"
    "node-addon-api" "^4.3.0"
    "prebuild-install" "^7.0.1"
    "semver" "^7.3.7"
    "simple-get" "^4.0.1"
    "tar-fs" "^2.1.1"
    "tunnel-agent" "^0.6.0"
